<?xml version="1.0" encoding="utf-8"?>
<Project ToolsVersion="4.0" xmlns="http://schemas.microsoft.com/developer/msbuild/2003">
  <ItemGroup>
    <ClCompile Include="Camera.cpp">
      <Filter>CPP</Filter>
    </ClCompile>
    <ClCompile Include="GameScene.cpp">
      <Filter>CPP</Filter>
    </ClCompile>
    <ClCompile Include="main.cpp">
      <Filter>CPP</Filter>
    </ClCompile>
    <ClCompile Include="ShaderLoader.cpp">
      <Filter>CPP</Filter>
    </ClCompile>
    <ClCompile Include="Utils.cpp">
      <Filter>CPP</Filter>
    </ClCompile>
  </ItemGroup>
  <ItemGroup>
    <ClInclude Include="Camera.h">
      <Filter>Headers</Filter>
    </ClInclude>
    <ClInclude Include="Utils.h">
      <Filter>Headers</Filter>
    </ClInclude>
    <ClInclude Include="GameScene.h">
      <Filter>Headers</Filter>
    </ClInclude>
    <ClInclude Include="ShaderLoader.h">
      <Filter>Headers</Filter>
    </ClInclude>
  </ItemGroup>
  <ItemGroup>
    <None Include="VAO_Triangle.fs" />
    <None Include="VAO_Triangle.vs" />
    <None Include="VAO_Text.vs" />
    <None Include="VAO_Text.fs" />
  </ItemGroup>
  <ItemGroup>
    <Filter Include="Headers">
      <UniqueIdentifier>{51a0db90-ab9f-4285-a7d5-0486375c6d49}</UniqueIdentifier>
    </Filter>
    <Filter Include="CPP">
      <UniqueIdentifier>{7b259ed4-e9ed-45ef-8594-f8643851d588}</UniqueIdentifier>
    </Filter>
  </ItemGroup>
</Project>